
Microsoft Visual Studio Solution File, Format Version 12.00
# Visual Studio Version 16
VisualStudioVersion = 16.0.29418.71
MinimumVisualStudioVersion = 10.0.40219.1
Project("{8BC9CEB8-8B4A-11D0-8D11-00A0C91BC942}") = "DInput8", "DInput8\DInput8.vcxproj", "{8BE63E66-78B7-47AB-A87F-7622611A1BDB}"
EndProject
Project("{8BC9CEB8-8B4A-11D0-8D11-00A0C91BC942}") = "DInput8Test", "DInput8Test\DInput8Test.vcxproj", "{A43E4D73-F227-44E8-988A-CC9790FE2462}"
EndProject
Project("{8BC9CEB8-8B4A-11D0-8D11-00A0C91BC942}") = "Common", "Common\Common.vcxproj", "{38F8B243-DC61-4320-B509-4A53167CD612}"
EndProject
Project("{8BC9CEB8-8B4A-11D0-8D11-00A0C91BC942}") = "CommonTest", "CommonTest\CommonTest.vcxproj", "{0E449B0F-8CBC-4CDD-BE0E-4803710D51CF}"
EndProject
Project("{8BC9CEB8-8B4A-11D0-8D11-00A0C91BC942}") = "JChat", "JChat\JChat.vcxproj", "{C0910D1A-B5F0-4CBB-878F-E5BEC3E41BA6}"
EndProject
Project("{8BC9CEB8-8B4A-11D0-8D11-00A0C91BC942}") = "JChatTest", "JChatTest\JChatTest.vcxproj", "{027FFEFA-E7B7-42D5-9583-9B288493983F}"
EndProject
Global
	GlobalSection(SolutionConfigurationPlatforms) = preSolution
		Debug|x64 = Debug|x64
		Debug|x86 = Debug|x86
		Release|x64 = Release|x64
		Release|x86 = Release|x86
	EndGlobalSection
	GlobalSection(ProjectConfigurationPlatforms) = postSolution
		{8BE63E66-78B7-47AB-A87F-7622611A1BDB}.Debug|x64.ActiveCfg = Debug|x64
		{8BE63E66-78B7-47AB-A87F-7622611A1BDB}.Debug|x64.Build.0 = Debug|x64
		{8BE63E66-78B7-47AB-A87F-7622611A1BDB}.Debug|x86.ActiveCfg = Debug|Win32
		{8BE63E66-78B7-47AB-A87F-7622611A1BDB}.Debug|x86.Build.0 = Debug|Win32
		{8BE63E66-78B7-47AB-A87F-7622611A1BDB}.Release|x64.ActiveCfg = Release|x64
		{8BE63E66-78B7-47AB-A87F-7622611A1BDB}.Release|x64.Build.0 = Release|x64
		{8BE63E66-78B7-47AB-A87F-7622611A1BDB}.Release|x86.ActiveCfg = Release|Win32
		{8BE63E66-78B7-47AB-A87F-7622611A1BDB}.Release|x86.Build.0 = Release|Win32
		{A43E4D73-F227-44E8-988A-CC9790FE2462}.Debug|x64.ActiveCfg = Debug|x64
		{A43E4D73-F227-44E8-988A-CC9790FE2462}.Debug|x64.Build.0 = Debug|x64
		{A43E4D73-F227-44E8-988A-CC9790FE2462}.Debug|x86.ActiveCfg = Debug|Win32
		{A43E4D73-F227-44E8-988A-CC9790FE2462}.Debug|x86.Build.0 = Debug|Win32
		{A43E4D73-F227-44E8-988A-CC9790FE2462}.Release|x64.ActiveCfg = Release|x64
		{A43E4D73-F227-44E8-988A-CC9790FE2462}.Release|x64.Build.0 = Release|x64
		{A43E4D73-F227-44E8-988A-CC9790FE2462}.Release|x86.ActiveCfg = Release|Win32
		{A43E4D73-F227-44E8-988A-CC9790FE2462}.Release|x86.Build.0 = Release|Win32
		{38F8B243-DC61-4320-B509-4A53167CD612}.Debug|x64.ActiveCfg = Debug|x64
		{38F8B243-DC61-4320-B509-4A53167CD612}.Debug|x64.Build.0 = Debug|x64
		{38F8B243-DC61-4320-B509-4A53167CD612}.Debug|x86.ActiveCfg = Debug|Win32
		{38F8B243-DC61-4320-B509-4A53167CD612}.Debug|x86.Build.0 = Debug|Win32
		{38F8B243-DC61-4320-B509-4A53167CD612}.Release|x64.ActiveCfg = Release|x64
		{38F8B243-DC61-4320-B509-4A53167CD612}.Release|x64.Build.0 = Release|x64
		{38F8B243-DC61-4320-B509-4A53167CD612}.Release|x86.ActiveCfg = Release|Win32
		{38F8B243-DC61-4320-B509-4A53167CD612}.Release|x86.Build.0 = Release|Win32
		{0E449B0F-8CBC-4CDD-BE0E-4803710D51CF}.Debug|x64.ActiveCfg = Debug|x64
		{0E449B0F-8CBC-4CDD-BE0E-4803710D51CF}.Debug|x64.Build.0 = Debug|x64
		{0E449B0F-8CBC-4CDD-BE0E-4803710D51CF}.Debug|x86.ActiveCfg = Debug|Win32
		{0E449B0F-8CBC-4CDD-BE0E-4803710D51CF}.Debug|x86.Build.0 = Debug|Win32
		{0E449B0F-8CBC-4CDD-BE0E-4803710D51CF}.Release|x64.ActiveCfg = Release|x64
		{0E449B0F-8CBC-4CDD-BE0E-4803710D51CF}.Release|x64.Build.0 = Release|x64
		{0E449B0F-8CBC-4CDD-BE0E-4803710D51CF}.Release|x86.ActiveCfg = Release|Win32
		{0E449B0F-8CBC-4CDD-BE0E-4803710D51CF}.Release|x86.Build.0 = Release|Win32
		{C0910D1A-B5F0-4CBB-878F-E5BEC3E41BA6}.Debug|x64.ActiveCfg = Debug|x64
		{C0910D1A-B5F0-4CBB-878F-E5BEC3E41BA6}.Debug|x64.Build.0 = Debug|x64
		{C0910D1A-B5F0-4CBB-878F-E5BEC3E41BA6}.Debug|x86.ActiveCfg = Debug|Win32
		{C0910D1A-B5F0-4CBB-878F-E5BEC3E41BA6}.Debug|x86.Build.0 = Debug|Win32
		{C0910D1A-B5F0-4CBB-878F-E5BEC3E41BA6}.Release|x64.ActiveCfg = Release|x64
		{C0910D1A-B5F0-4CBB-878F-E5BEC3E41BA6}.Release|x64.Build.0 = Release|x64
		{C0910D1A-B5F0-4CBB-878F-E5BEC3E41BA6}.Release|x86.ActiveCfg = Release|Win32
		{C0910D1A-B5F0-4CBB-878F-E5BEC3E41BA6}.Release|x86.Build.0 = Release|Win32
		{027FFEFA-E7B7-42D5-9583-9B288493983F}.Debug|x64.ActiveCfg = Debug|x64
		{027FFEFA-E7B7-42D5-9583-9B288493983F}.Debug|x64.Build.0 = Debug|x64
		{027FFEFA-E7B7-42D5-9583-9B288493983F}.Debug|x86.ActiveCfg = Debug|Win32
		{027FFEFA-E7B7-42D5-9583-9B288493983F}.Debug|x86.Build.0 = Debug|Win32
		{027FFEFA-E7B7-42D5-9583-9B288493983F}.Release|x64.ActiveCfg = Release|x64
		{027FFEFA-E7B7-42D5-9583-9B288493983F}.Release|x64.Build.0 = Release|x64
		{027FFEFA-E7B7-42D5-9583-9B288493983F}.Release|x86.ActiveCfg = Release|Win32
		{027FFEFA-E7B7-42D5-9583-9B288493983F}.Release|x86.Build.0 = Release|Win32
	EndGlobalSection
	GlobalSection(SolutionProperties) = preSolution
		HideSolutionNode = FALSE
	EndGlobalSection
	GlobalSection(ExtensibilityGlobals) = postSolution
		SolutionGuid = {65D41916-ED9F-4FC1-A1FD-1E2DADA2E566}
	EndGlobalSection
EndGlobal
